
Microsoft Visual Studio Solution File, Format Version 12.00
# Visual Studio Version 16
VisualStudioVersion = 16.0.30711.63
MinimumVisualStudioVersion = 10.0.40219.1
Project("{2150E333-8FDC-42A3-9474-1A3956D46DE8}") = "src", "src", "{950F86F5-E1FE-4E07-8D03-04863D2A3589}"
EndProject
Project("{9A19103F-16F7-4668-BE54-9A1E7A4F7556}") = "iBestRead.Result", "src\iBestRead.Result\iBestRead.Result.csproj", "{53C8AE1E-8F76-438E-B60C-90BFC0FFAB63}"
EndProject
Project("{9A19103F-16F7-4668-BE54-9A1E7A4F7556}") = "iBestRead.Result.FluentValidationExtensions", "src\iBestRead.Result.FluentValidationExtensions\iBestRead.Result.FluentValidationExtensions.csproj", "{83E1CF09-B3A7-41E4-A0B6-1506DAEFEBCA}"
EndProject
Project("{2150E333-8FDC-42A3-9474-1A3956D46DE8}") = "tests", "tests", "{ACFB823E-F915-49A4-B6D4-3F24CD0F682B}"
EndProject
Project("{9A19103F-16F7-4668-BE54-9A1E7A4F7556}") = "iBestRead.Result.Tests", "tests\iBestRead.Result.Tests\iBestRead.Result.Tests.csproj", "{A05CCBCE-AF53-49F6-9768-4517BE16824F}"
EndProject
Project("{FAE04EC0-301F-11D3-BF4B-00C04F79EFBC}") = "iBestRead.Result.AspNetCoreExtensions", "src\iBestRead.Result.AspNetCoreExtensions\iBestRead.Result.AspNetCoreExtensions.csproj", "{4D275E94-13F8-4D54-9366-37D7A627B6A3}"
EndProject
Global
	GlobalSection(SolutionConfigurationPlatforms) = preSolution
		Debug|Any CPU = Debug|Any CPU
		Release|Any CPU = Release|Any CPU
	EndGlobalSection
	GlobalSection(ProjectConfigurationPlatforms) = postSolution
		{53C8AE1E-8F76-438E-B60C-90BFC0FFAB63}.Debug|Any CPU.ActiveCfg = Debug|Any CPU
		{53C8AE1E-8F76-438E-B60C-90BFC0FFAB63}.Debug|Any CPU.Build.0 = Debug|Any CPU
		{53C8AE1E-8F76-438E-B60C-90BFC0FFAB63}.Release|Any CPU.ActiveCfg = Release|Any CPU
		{53C8AE1E-8F76-438E-B60C-90BFC0FFAB63}.Release|Any CPU.Build.0 = Release|Any CPU
		{83E1CF09-B3A7-41E4-A0B6-1506DAEFEBCA}.Debug|Any CPU.ActiveCfg = Debug|Any CPU
		{83E1CF09-B3A7-41E4-A0B6-1506DAEFEBCA}.Debug|Any CPU.Build.0 = Debug|Any CPU
		{83E1CF09-B3A7-41E4-A0B6-1506DAEFEBCA}.Release|Any CPU.ActiveCfg = Release|Any CPU
		{83E1CF09-B3A7-41E4-A0B6-1506DAEFEBCA}.Release|Any CPU.Build.0 = Release|Any CPU
		{A05CCBCE-AF53-49F6-9768-4517BE16824F}.Debug|Any CPU.ActiveCfg = Debug|Any CPU
		{A05CCBCE-AF53-49F6-9768-4517BE16824F}.Debug|Any CPU.Build.0 = Debug|Any CPU
		{A05CCBCE-AF53-49F6-9768-4517BE16824F}.Release|Any CPU.ActiveCfg = Release|Any CPU
		{A05CCBCE-AF53-49F6-9768-4517BE16824F}.Release|Any CPU.Build.0 = Release|Any CPU
		{4D275E94-13F8-4D54-9366-37D7A627B6A3}.Debug|Any CPU.ActiveCfg = Debug|Any CPU
		{4D275E94-13F8-4D54-9366-37D7A627B6A3}.Debug|Any CPU.Build.0 = Debug|Any CPU
		{4D275E94-13F8-4D54-9366-37D7A627B6A3}.Release|Any CPU.ActiveCfg = Release|Any CPU
		{4D275E94-13F8-4D54-9366-37D7A627B6A3}.Release|Any CPU.Build.0 = Release|Any CPU
	EndGlobalSection
	GlobalSection(SolutionProperties) = preSolution
		HideSolutionNode = FALSE
	EndGlobalSection
	GlobalSection(NestedProjects) = preSolution
		{53C8AE1E-8F76-438E-B60C-90BFC0FFAB63} = {950F86F5-E1FE-4E07-8D03-04863D2A3589}
		{83E1CF09-B3A7-41E4-A0B6-1506DAEFEBCA} = {950F86F5-E1FE-4E07-8D03-04863D2A3589}
		{A05CCBCE-AF53-49F6-9768-4517BE16824F} = {ACFB823E-F915-49A4-B6D4-3F24CD0F682B}
		{4D275E94-13F8-4D54-9366-37D7A627B6A3} = {950F86F5-E1FE-4E07-8D03-04863D2A3589}
	EndGlobalSection
	GlobalSection(ExtensibilityGlobals) = postSolution
		SolutionGuid = {2DCDDD63-8D5C-4462-B897-4656A215D673}
	EndGlobalSection
EndGlobal
